
Microsoft Visual Studio Solution File, Format Version 12.00
# Visual Studio Version 16
VisualStudioVersion = 16.0.31702.278
MinimumVisualStudioVersion = 10.0.40219.1
Project("{8BC9CEB8-8B4A-11D0-8D11-00A0C91BC942}") = "fibonacci con recursion", "fibonacci con recursion\fibonacci con recursion.vcxproj", "{4664F887-5204-43A3-BD85-1F844B43CBC8}"
EndProject
Global
	GlobalSection(SolutionConfigurationPlatforms) = preSolution
		Debug|x64 = Debug|x64
		Debug|x86 = Debug|x86
		Release|x64 = Release|x64
		Release|x86 = Release|x86
	EndGlobalSection
	GlobalSection(ProjectConfigurationPlatforms) = postSolution
		{4664F887-5204-43A3-BD85-1F844B43CBC8}.Debug|x64.ActiveCfg = Debug|x64
		{4664F887-5204-43A3-BD85-1F844B43CBC8}.Debug|x64.Build.0 = Debug|x64
		{4664F887-5204-43A3-BD85-1F844B43CBC8}.Debug|x86.ActiveCfg = Debug|Win32
		{4664F887-5204-43A3-BD85-1F844B43CBC8}.Debug|x86.Build.0 = Debug|Win32
		{4664F887-5204-43A3-BD85-1F844B43CBC8}.Release|x64.ActiveCfg = Release|x64
		{4664F887-5204-43A3-BD85-1F844B43CBC8}.Release|x64.Build.0 = Release|x64
		{4664F887-5204-43A3-BD85-1F844B43CBC8}.Release|x86.ActiveCfg = Release|Win32
		{4664F887-5204-43A3-BD85-1F844B43CBC8}.Release|x86.Build.0 = Release|Win32
	EndGlobalSection
	GlobalSection(SolutionProperties) = preSolution
		HideSolutionNode = FALSE
	EndGlobalSection
	GlobalSection(ExtensibilityGlobals) = postSolution
		SolutionGuid = {4361A9CA-4F9F-4660-BE2C-3E6A98B49B4B}
	EndGlobalSection
EndGlobal
